
Microsoft Visual Studio Solution File, Format Version 12.00
# Visual Studio Version 17
VisualStudioVersion = 17.8.34330.188
MinimumVisualStudioVersion = 10.0.40219.1
Project("{FAE04EC0-301F-11D3-BF4B-00C04F79EFBC}") = "BcService", "BcService\BcService.csproj", "{A14D8B88-4CDB-4619-B0AE-32C8F8807257}"
EndProject
Global
	GlobalSection(SolutionConfigurationPlatforms) = preSolution
		Debug|Any CPU = Debug|Any CPU
		Release|Any CPU = Release|Any CPU
	EndGlobalSection
	GlobalSection(ProjectConfigurationPlatforms) = postSolution
		{A14D8B88-4CDB-4619-B0AE-32C8F8807257}.Debug|Any CPU.ActiveCfg = Debug|Any CPU
		{A14D8B88-4CDB-4619-B0AE-32C8F8807257}.Debug|Any CPU.Build.0 = Debug|Any CPU
		{A14D8B88-4CDB-4619-B0AE-32C8F8807257}.Release|Any CPU.ActiveCfg = Release|Any CPU
		{A14D8B88-4CDB-4619-B0AE-32C8F8807257}.Release|Any CPU.Build.0 = Release|Any CPU
	EndGlobalSection
	GlobalSection(SolutionProperties) = preSolution
		HideSolutionNode = FALSE
	EndGlobalSection
	GlobalSection(ExtensibilityGlobals) = postSolution
		SolutionGuid = {85C5EAF2-6580-4DB6-9B5F-B9EED6EEAA85}
	EndGlobalSection
EndGlobal
